<?xml version="1.0" encoding="utf-8"?>
<Project ToolsVersion="4.0" xmlns="http://schemas.microsoft.com/developer/msbuild/2003">
  <ItemGroup>
    <Filter Include="Source Files">
      <UniqueIdentifier>{4FC737F1-C7A5-4376-A066-2A32D752A2FF}</UniqueIdentifier>
      <Extensions>cpp;c;cc;cxx;def;odl;idl;hpj;bat;asm;asmx</Extensions>
    </Filter>
    <Filter Include="Header Files">
      <UniqueIdentifier>{93995380-89BD-4b04-88EB-625FBE52EBFB}</UniqueIdentifier>
      <Extensions>h;hh;hpp;hxx;hm;inl;inc;xsd</Extensions>
    </Filter>
    <Filter Include="Resource Files">
      <UniqueIdentifier>{67DA6AB6-F800-4c08-8B7A-83BB121AAD01}</UniqueIdentifier>
      <Extensions>rc;ico;cur;bmp;dlg;rc2;rct;bin;rgs;gif;jpg;jpeg;jpe;resx;tiff;tif;png;wav;mfcribbon-ms</Extensions>
    </Filter>
  </ItemGroup>
  <ItemGroup>
    <None Include="rov_firmware.ino" />
  </ItemGroup>
  <ItemGroup>
    <ClInclude Include="__vm\.rov_firmware.vsarduino.h">
      <Filter>Header Files</Filter>
    </ClInclude>
    <ClInclude Include="Crc.h">
      <Filter>Header Files</Filter>
    </ClInclude>
    <ClInclude Include="RovDataTypes.h">
      <Filter>Header Files</Filter>
    </ClInclude>
    <ClInclude Include="UdpConnection.h">
      <Filter>Header Files</Filter>
    </ClInclude>
    <ClInclude Include="IMUSensor.h">
      <Filter>Header Files</Filter>
    </ClInclude>
    <ClInclude Include="MotorBase.h">
      <Filter>Header Files</Filter>
    </ClInclude>
    <ClInclude Include="Thruster.h">
      <Filter>Header Files</Filter>
    </ClInclude>
    <ClInclude Include="ThrusterControlSystem.h">
      <Filter>Header Files</Filter>
    </ClInclude>
    <ClInclude Include="Regulator.h">
      <Filter>Header Files</Filter>
    </ClInclude>
    <ClInclude Include="RovMagics.h">
      <Filter>Header Files</Filter>
    </ClInclude>
    <ClInclude Include="DepthSensor.h">
      <Filter>Header Files</Filter>
    </ClInclude>
    <ClInclude Include="Rov.h">
      <Filter>Header Files</Filter>
    </ClInclude>
    <ClInclude Include="SensorsContainer.h">
      <Filter>Header Files</Filter>
    </ClInclude>
    <ClInclude Include="RovDataStore.h">
      <Filter>Header Files</Filter>
    </ClInclude>
    <ClInclude Include="Sensor.h">
      <Filter>Header Files</Filter>
    </ClInclude>
    <ClInclude Include="AllSensors.h">
      <Filter>Header Files</Filter>
    </ClInclude>
    <ClInclude Include="MS5837.h">
      <Filter>Header Files</Filter>
    </ClInclude>
    <ClInclude Include="VoltmeterSensor.h">
      <Filter>Header Files</Filter>
    </ClInclude>
    <ClInclude Include="AmpermeterSensor.h">
      <Filter>Header Files</Filter>
    </ClInclude>
    <ClInclude Include="PayloadSystem.h">
      <Filter>Header Files</Filter>
    </ClInclude>
    <ClInclude Include="PayloadTool.h">
      <Filter>Header Files</Filter>
    </ClInclude>
    <ClInclude Include="ManipulatorPayload.h">
      <Filter>Header Files</Filter>
    </ClInclude>
    <ClInclude Include="Motor.h">
      <Filter>Header Files</Filter>
    </ClInclude>
    <ClInclude Include="AllPayload.h">
      <Filter>Header Files</Filter>
    </ClInclude>
    <ClInclude Include="RotaryCamera.h">
      <Filter>Header Files</Filter>
    </ClInclude>
  </ItemGroup>
  <ItemGroup>
    <ClCompile Include="Crc.cpp">
      <Filter>Source Files</Filter>
    </ClCompile>
    <ClCompile Include="RovDataTypes.cpp">
      <Filter>Source Files</Filter>
    </ClCompile>
    <ClCompile Include="UdpConnection.cpp">
      <Filter>Source Files</Filter>
    </ClCompile>
    <ClCompile Include="IMUSensor.cpp">
      <Filter>Source Files</Filter>
    </ClCompile>
    <ClCompile Include="MotorBase.cpp">
      <Filter>Source Files</Filter>
    </ClCompile>
    <ClCompile Include="Thruster.cpp">
      <Filter>Source Files</Filter>
    </ClCompile>
    <ClCompile Include="ThrusterControlSystem.cpp">
      <Filter>Source Files</Filter>
    </ClCompile>
    <ClCompile Include="Regulator.cpp">
      <Filter>Source Files</Filter>
    </ClCompile>
    <ClCompile Include="DepthSensor.cpp">
      <Filter>Source Files</Filter>
    </ClCompile>
    <ClCompile Include="Rov.cpp">
      <Filter>Source Files</Filter>
    </ClCompile>
    <ClCompile Include="SensorsContainer.cpp">
      <Filter>Source Files</Filter>
    </ClCompile>
    <ClCompile Include="RovDataStore.cpp">
      <Filter>Source Files</Filter>
    </ClCompile>
    <ClCompile Include="Sensor.cpp">
      <Filter>Source Files</Filter>
    </ClCompile>
    <ClCompile Include="MS5837.cpp">
      <Filter>Source Files</Filter>
    </ClCompile>
    <ClCompile Include="VoltmeterSensor.cpp">
      <Filter>Source Files</Filter>
    </ClCompile>
    <ClCompile Include="AmpermeterSensor.cpp">
      <Filter>Source Files</Filter>
    </ClCompile>
    <ClCompile Include="PayloadSystem.cpp">
      <Filter>Source Files</Filter>
    </ClCompile>
    <ClCompile Include="PayloadTool.cpp">
      <Filter>Source Files</Filter>
    </ClCompile>
    <ClCompile Include="ManipulatorPayload.cpp">
      <Filter>Source Files</Filter>
    </ClCompile>
    <ClCompile Include="Motor.cpp">
      <Filter>Source Files</Filter>
    </ClCompile>
    <ClCompile Include="RotaryCamera.cpp">
      <Filter>Source Files</Filter>
    </ClCompile>
  </ItemGroup>
</Project>